
Microsoft Visual Studio Solution File, Format Version 12.00
# Visual Studio Version 17
VisualStudioVersion = 17.14.36221.1
MinimumVisualStudioVersion = 10.0.40219.1
Project("{FAE04EC0-301F-11D3-BF4B-00C04F79EFBC}") = "API", "GestionTournoisEchecs\API.csproj", "{E8F3D0AB-77FB-41A1-A99F-F81EF58EBA66}"
EndProject
Project("{00D1A9C2-B5F0-4AF3-8072-F6C62B433612}") = "DB_Tounement", "DB_Tounement\DB_Tounement.sqlproj", "{A3F5E828-9C12-45FC-833F-D486FD12CE19}"
EndProject
Project("{FAE04EC0-301F-11D3-BF4B-00C04F79EFBC}") = "Models", "Model\Models.csproj", "{78B783A4-4F95-4C58-AA90-31535DACD8EA}"
EndProject
Project("{FAE04EC0-301F-11D3-BF4B-00C04F79EFBC}") = "DAL", "DAL\DAL.csproj", "{06D568DC-E8EB-431F-A3C8-BFF24795566A}"
EndProject
Project("{FAE04EC0-301F-11D3-BF4B-00C04F79EFBC}") = "BLL", "BLL\BLL.csproj", "{F7B6E0FB-C778-4555-BEE3-0B63CEF7A5BB}"
EndProject
Project("{FAE04EC0-301F-11D3-BF4B-00C04F79EFBC}") = "APITournamentException", "Exception\APITournamentException.csproj", "{6D2D2730-3E02-4DEB-9F41-D79A4E814648}"
EndProject
Global
	GlobalSection(SolutionConfigurationPlatforms) = preSolution
		Debug|Any CPU = Debug|Any CPU
		Release|Any CPU = Release|Any CPU
	EndGlobalSection
	GlobalSection(ProjectConfigurationPlatforms) = postSolution
		{E8F3D0AB-77FB-41A1-A99F-F81EF58EBA66}.Debug|Any CPU.ActiveCfg = Debug|Any CPU
		{E8F3D0AB-77FB-41A1-A99F-F81EF58EBA66}.Debug|Any CPU.Build.0 = Debug|Any CPU
		{E8F3D0AB-77FB-41A1-A99F-F81EF58EBA66}.Release|Any CPU.ActiveCfg = Release|Any CPU
		{E8F3D0AB-77FB-41A1-A99F-F81EF58EBA66}.Release|Any CPU.Build.0 = Release|Any CPU
		{A3F5E828-9C12-45FC-833F-D486FD12CE19}.Debug|Any CPU.ActiveCfg = Debug|Any CPU
		{A3F5E828-9C12-45FC-833F-D486FD12CE19}.Debug|Any CPU.Build.0 = Debug|Any CPU
		{A3F5E828-9C12-45FC-833F-D486FD12CE19}.Debug|Any CPU.Deploy.0 = Debug|Any CPU
		{A3F5E828-9C12-45FC-833F-D486FD12CE19}.Release|Any CPU.ActiveCfg = Release|Any CPU
		{A3F5E828-9C12-45FC-833F-D486FD12CE19}.Release|Any CPU.Build.0 = Release|Any CPU
		{A3F5E828-9C12-45FC-833F-D486FD12CE19}.Release|Any CPU.Deploy.0 = Release|Any CPU
		{78B783A4-4F95-4C58-AA90-31535DACD8EA}.Debug|Any CPU.ActiveCfg = Debug|Any CPU
		{78B783A4-4F95-4C58-AA90-31535DACD8EA}.Debug|Any CPU.Build.0 = Debug|Any CPU
		{78B783A4-4F95-4C58-AA90-31535DACD8EA}.Release|Any CPU.ActiveCfg = Release|Any CPU
		{78B783A4-4F95-4C58-AA90-31535DACD8EA}.Release|Any CPU.Build.0 = Release|Any CPU
		{06D568DC-E8EB-431F-A3C8-BFF24795566A}.Debug|Any CPU.ActiveCfg = Debug|Any CPU
		{06D568DC-E8EB-431F-A3C8-BFF24795566A}.Debug|Any CPU.Build.0 = Debug|Any CPU
		{06D568DC-E8EB-431F-A3C8-BFF24795566A}.Release|Any CPU.ActiveCfg = Release|Any CPU
		{06D568DC-E8EB-431F-A3C8-BFF24795566A}.Release|Any CPU.Build.0 = Release|Any CPU
		{F7B6E0FB-C778-4555-BEE3-0B63CEF7A5BB}.Debug|Any CPU.ActiveCfg = Debug|Any CPU
		{F7B6E0FB-C778-4555-BEE3-0B63CEF7A5BB}.Debug|Any CPU.Build.0 = Debug|Any CPU
		{F7B6E0FB-C778-4555-BEE3-0B63CEF7A5BB}.Release|Any CPU.ActiveCfg = Release|Any CPU
		{F7B6E0FB-C778-4555-BEE3-0B63CEF7A5BB}.Release|Any CPU.Build.0 = Release|Any CPU
		{6D2D2730-3E02-4DEB-9F41-D79A4E814648}.Debug|Any CPU.ActiveCfg = Debug|Any CPU
		{6D2D2730-3E02-4DEB-9F41-D79A4E814648}.Debug|Any CPU.Build.0 = Debug|Any CPU
		{6D2D2730-3E02-4DEB-9F41-D79A4E814648}.Release|Any CPU.ActiveCfg = Release|Any CPU
		{6D2D2730-3E02-4DEB-9F41-D79A4E814648}.Release|Any CPU.Build.0 = Release|Any CPU
	EndGlobalSection
	GlobalSection(SolutionProperties) = preSolution
		HideSolutionNode = FALSE
	EndGlobalSection
	GlobalSection(ExtensibilityGlobals) = postSolution
		SolutionGuid = {EAE821C7-5AC2-4076-B789-3978CB32A99D}
	EndGlobalSection
EndGlobal
